
Microsoft Visual Studio Solution File, Format Version 12.00
# Visual Studio Version 17
VisualStudioVersion = 17.13.35828.75 d17.13
MinimumVisualStudioVersion = 10.0.40219.1
Project("{FAE04EC0-301F-11D3-BF4B-00C04F79EFBC}") = "C#lesson4.1", "C#lesson4.1\C#lesson4.1.csproj", "{89069358-FF79-4D6C-82A2-DB158AB52C3C}"
EndProject
Global
	GlobalSection(SolutionConfigurationPlatforms) = preSolution
		Debug|Any CPU = Debug|Any CPU
		Release|Any CPU = Release|Any CPU
	EndGlobalSection
	GlobalSection(ProjectConfigurationPlatforms) = postSolution
		{89069358-FF79-4D6C-82A2-DB158AB52C3C}.Debug|Any CPU.ActiveCfg = Debug|Any CPU
		{89069358-FF79-4D6C-82A2-DB158AB52C3C}.Debug|Any CPU.Build.0 = Debug|Any CPU
		{89069358-FF79-4D6C-82A2-DB158AB52C3C}.Release|Any CPU.ActiveCfg = Release|Any CPU
		{89069358-FF79-4D6C-82A2-DB158AB52C3C}.Release|Any CPU.Build.0 = Release|Any CPU
	EndGlobalSection
	GlobalSection(SolutionProperties) = preSolution
		HideSolutionNode = FALSE
	EndGlobalSection
	GlobalSection(ExtensibilityGlobals) = postSolution
		SolutionGuid = {8D733723-14D9-4643-B8F4-808794CDD305}
	EndGlobalSection
EndGlobal
